
Microsoft Visual Studio Solution File, Format Version 12.00
# Visual Studio Version 17
VisualStudioVersion = 17.5.002.0
MinimumVisualStudioVersion = 10.0.40219.1
Project("{9A19103F-16F7-4668-BE54-9A1E7A4F7556}") = "AuctionServices", "AuctionServices.csproj", "{E1661D0F-2125-424D-A030-277F72AA590F}"
EndProject
Global
	GlobalSection(SolutionConfigurationPlatforms) = preSolution
		Debug|Any CPU = Debug|Any CPU
		Release|Any CPU = Release|Any CPU
	EndGlobalSection
	GlobalSection(ProjectConfigurationPlatforms) = postSolution
		{E1661D0F-2125-424D-A030-277F72AA590F}.Debug|Any CPU.ActiveCfg = Debug|Any CPU
		{E1661D0F-2125-424D-A030-277F72AA590F}.Debug|Any CPU.Build.0 = Debug|Any CPU
		{E1661D0F-2125-424D-A030-277F72AA590F}.Release|Any CPU.ActiveCfg = Release|Any CPU
		{E1661D0F-2125-424D-A030-277F72AA590F}.Release|Any CPU.Build.0 = Release|Any CPU
	EndGlobalSection
	GlobalSection(SolutionProperties) = preSolution
		HideSolutionNode = FALSE
	EndGlobalSection
	GlobalSection(ExtensibilityGlobals) = postSolution
		SolutionGuid = {053039AE-796C-4D2D-B09F-1323EA2219FE}
	EndGlobalSection
EndGlobal
